{
  "name": "sandbox",
  "lockfileVersion": 2,
  "requires": true,
  "packages": {
    "": {
      "dependencies": {
        "fs-reverse": "^0.0.3",
        "yaml-parser": "^3.5.3"
      }
    },
    "node_modules/esprima": {
      "version": "2.7.3",
      "resolved": "https://registry.npmjs.org/esprima/-/esprima-2.7.3.tgz",
      "integrity": "sha512-OarPfz0lFCiW4/AV2Oy1Rp9qu0iusTKqykwTspGCZtPxmF81JR4MmIebvF1F9+UOKth2ZubLQ4XGGaU+hSn99A==",
      "bin": {
        "esparse": "bin/esparse.js",
        "esvalidate": "bin/esvalidate.js"
      },
      "engines": {
        "node": ">=0.10.0"
      }
    },
    "node_modules/from": {
      "version": "0.1.7",
      "resolved": "https://registry.npmjs.org/from/-/from-0.1.7.tgz",
      "integrity": "sha512-twe20eF1OxVxp/ML/kq2p1uc6KvFK/+vs8WjEbeKmV2He22MKm7YF2ANIt+EOqhJ5L3K/SuuPhk0hWQDjOM23g=="
    },
    "node_modules/fs-reverse": {
      "version": "0.0.3",
      "resolved": "https://registry.npmjs.org/fs-reverse/-/fs-reverse-0.0.3.tgz",
      "integrity": "sha512-zu+5yhmaWueDBAWm7y6ejj2PipVep3EQlQYdfS6r3zsfzIfTVkcdbrsqye2UovisDqogu5dJFxae/dUAOYQqBA==",
      "dependencies": {
        "from": "~0.1"
      }
    },
    "node_modules/yaml-parser": {
      "version": "3.5.3",
      "resolved": "https://registry.npmjs.org/yaml-parser/-/yaml-parser-3.5.3.tgz",
      "integrity": "sha512-hozoau8dtpgRKodVc0IgVNWsgrD5A4hP23Lhzf5nvUl353imE5/wZYaAsSvV14Pz1k6h9uvqQH5ov/WF6Ycw2w==",
      "dependencies": {
        "esprima": "^2.6.0"
      }
    }
  },
  "dependencies": {
    "esprima": {
      "version": "2.7.3",
      "resolved": "https://registry.npmjs.org/esprima/-/esprima-2.7.3.tgz",
      "integrity": "sha512-OarPfz0lFCiW4/AV2Oy1Rp9qu0iusTKqykwTspGCZtPxmF81JR4MmIebvF1F9+UOKth2ZubLQ4XGGaU+hSn99A=="
    },
    "from": {
      "version": "0.1.7",
      "resolved": "https://registry.npmjs.org/from/-/from-0.1.7.tgz",
      "integrity": "sha512-twe20eF1OxVxp/ML/kq2p1uc6KvFK/+vs8WjEbeKmV2He22MKm7YF2ANIt+EOqhJ5L3K/SuuPhk0hWQDjOM23g=="
    },
    "fs-reverse": {
      "version": "0.0.3",
      "resolved": "https://registry.npmjs.org/fs-reverse/-/fs-reverse-0.0.3.tgz",
      "integrity": "sha512-zu+5yhmaWueDBAWm7y6ejj2PipVep3EQlQYdfS6r3zsfzIfTVkcdbrsqye2UovisDqogu5dJFxae/dUAOYQqBA==",
      "requires": {
        "from": "~0.1"
      }
    },
    "yaml-parser": {
      "version": "3.5.3",
      "resolved": "https://registry.npmjs.org/yaml-parser/-/yaml-parser-3.5.3.tgz",
      "integrity": "sha512-hozoau8dtpgRKodVc0IgVNWsgrD5A4hP23Lhzf5nvUl353imE5/wZYaAsSvV14Pz1k6h9uvqQH5ov/WF6Ycw2w==",
      "requires": {
        "esprima": "^2.6.0"
      }
    }
  }
}
